
Microsoft Visual Studio Solution File, Format Version 12.00
# Visual Studio 15
VisualStudioVersion = 15.0.27703.2018
MinimumVisualStudioVersion = 10.0.40219.1
Project("{FAE04EC0-301F-11D3-BF4B-00C04F79EFBC}") = "BackupTool", "BackupTool\BackupTool.csproj", "{A1973267-0585-43DB-BAC0-ABD95E7F0ACA}"
EndProject
Global
	GlobalSection(SolutionConfigurationPlatforms) = preSolution
		Debug|Any CPU = Debug|Any CPU
		Release|Any CPU = Release|Any CPU
	EndGlobalSection
	GlobalSection(ProjectConfigurationPlatforms) = postSolution
		{A1973267-0585-43DB-BAC0-ABD95E7F0ACA}.Debug|Any CPU.ActiveCfg = Debug|Any CPU
		{A1973267-0585-43DB-BAC0-ABD95E7F0ACA}.Debug|Any CPU.Build.0 = Debug|Any CPU
		{A1973267-0585-43DB-BAC0-ABD95E7F0ACA}.Release|Any CPU.ActiveCfg = Release|Any CPU
		{A1973267-0585-43DB-BAC0-ABD95E7F0ACA}.Release|Any CPU.Build.0 = Release|Any CPU
	EndGlobalSection
	GlobalSection(SolutionProperties) = preSolution
		HideSolutionNode = FALSE
	EndGlobalSection
	GlobalSection(ExtensibilityGlobals) = postSolution
		SolutionGuid = {F6BDB478-C56E-4550-B706-0CFDDE9237E3}
	EndGlobalSection
EndGlobal
